
Microsoft Visual Studio Solution File, Format Version 12.00
# Visual Studio Version 16
VisualStudioVersion = 16.0.30611.23
MinimumVisualStudioVersion = 10.0.40219.1
Project("{9A19103F-16F7-4668-BE54-9A1E7A4F7556}") = "IotDeviceApp", "IotDeviceApp\IotDeviceApp.csproj", "{569EFE11-02BF-42EF-8F45-C97513262AA2}"
EndProject
Project("{9A19103F-16F7-4668-BE54-9A1E7A4F7556}") = "IotHubHost", "IotHubHost\IotHubHost.csproj", "{A5F34D71-7A17-49F1-A257-D7541054A8AD}"
EndProject
Global
	GlobalSection(SolutionConfigurationPlatforms) = preSolution
		Debug|Any CPU = Debug|Any CPU
		Release|Any CPU = Release|Any CPU
	EndGlobalSection
	GlobalSection(ProjectConfigurationPlatforms) = postSolution
		{569EFE11-02BF-42EF-8F45-C97513262AA2}.Debug|Any CPU.ActiveCfg = Debug|Any CPU
		{569EFE11-02BF-42EF-8F45-C97513262AA2}.Debug|Any CPU.Build.0 = Debug|Any CPU
		{569EFE11-02BF-42EF-8F45-C97513262AA2}.Release|Any CPU.ActiveCfg = Release|Any CPU
		{569EFE11-02BF-42EF-8F45-C97513262AA2}.Release|Any CPU.Build.0 = Release|Any CPU
		{A5F34D71-7A17-49F1-A257-D7541054A8AD}.Debug|Any CPU.ActiveCfg = Debug|Any CPU
		{A5F34D71-7A17-49F1-A257-D7541054A8AD}.Debug|Any CPU.Build.0 = Debug|Any CPU
		{A5F34D71-7A17-49F1-A257-D7541054A8AD}.Release|Any CPU.ActiveCfg = Release|Any CPU
		{A5F34D71-7A17-49F1-A257-D7541054A8AD}.Release|Any CPU.Build.0 = Release|Any CPU
	EndGlobalSection
	GlobalSection(SolutionProperties) = preSolution
		HideSolutionNode = FALSE
	EndGlobalSection
	GlobalSection(ExtensibilityGlobals) = postSolution
		SolutionGuid = {12244CDF-1206-4683-8CBD-CB4F3D846A3E}
	EndGlobalSection
EndGlobal
